// !$*UTF8*$!
{
	archiveVersion = 1;
	classes = {
	};
	objectVersion = 46;
	objects = {

/* Begin PBXBuildFile section */
		66538B5578749531A92AD8A2 /* libPods-DNFDemo.a in Frameworks */ = {isa = PBXBuildFile; fileRef = C8E1E0293AB6F98828A59231 /* libPods-DNFDemo.a */; };
		D00273621EB0713B00A14AF2 /* DBManger+BuyAndSale.m in Sources */ = {isa = PBXBuildFile; fileRef = D00273611EB0713B00A14AF2 /* DBManger+BuyAndSale.m */; };
		D00273651EB0722700A14AF2 /* SaleAndBuyModel.m in Sources */ = {isa = PBXBuildFile; fileRef = D00273641EB0722700A14AF2 /* SaleAndBuyModel.m */; };
		D020EF4A1E9E131C00FDE5E3 /* main.m in Sources */ = {isa = PBXBuildFile; fileRef = D020EF491E9E131C00FDE5E3 /* main.m */; };
		D020EF4D1E9E131C00FDE5E3 /* AppDelegate.m in Sources */ = {isa = PBXBuildFile; fileRef = D020EF4C1E9E131C00FDE5E3 /* AppDelegate.m */; };
		D020EF531E9E131C00FDE5E3 /* Main.storyboard in Resources */ = {isa = PBXBuildFile; fileRef = D020EF511E9E131C00FDE5E3 /* Main.storyboard */; };
		D020EF551E9E131C00FDE5E3 /* Assets.xcassets in Resources */ = {isa = PBXBuildFile; fileRef = D020EF541E9E131C00FDE5E3 /* Assets.xcassets */; };
		D020EF581E9E131C00FDE5E3 /* LaunchScreen.storyboard in Resources */ = {isa = PBXBuildFile; fileRef = D020EF561E9E131C00FDE5E3 /* LaunchScreen.storyboard */; };
		D020EF631E9E131C00FDE5E3 /* DNFDemoTests.m in Sources */ = {isa = PBXBuildFile; fileRef = D020EF621E9E131C00FDE5E3 /* DNFDemoTests.m */; };
		D020EF6E1E9E131C00FDE5E3 /* DNFDemoUITests.m in Sources */ = {isa = PBXBuildFile; fileRef = D020EF6D1E9E131C00FDE5E3 /* DNFDemoUITests.m */; };
		D020EF8B1E9E2EFF00FDE5E3 /* DBManger.m in Sources */ = {isa = PBXBuildFile; fileRef = D020EF8A1E9E2EFF00FDE5E3 /* DBManger.m */; };
		D020EF8E1E9E2FCE00FDE5E3 /* DBManger+main.m in Sources */ = {isa = PBXBuildFile; fileRef = D020EF8D1E9E2FCE00FDE5E3 /* DBManger+main.m */; };
		D093B3001EA4BD1B008CE3AD /* TabMainViewController.m in Sources */ = {isa = PBXBuildFile; fileRef = D093B2FF1EA4BD1B008CE3AD /* TabMainViewController.m */; };
		D093B3051EA4BED1008CE3AD /* SalseViewController.m in Sources */ = {isa = PBXBuildFile; fileRef = D093B3041EA4BED1008CE3AD /* SalseViewController.m */; };
		D093B30A1EA4BFFF008CE3AD /* AnalyseViewController.m in Sources */ = {isa = PBXBuildFile; fileRef = D093B3091EA4BFFF008CE3AD /* AnalyseViewController.m */; };
		D09719C91EA73F64009FB8A0 /* UIColor+RGB.m in Sources */ = {isa = PBXBuildFile; fileRef = D09719C81EA73F64009FB8A0 /* UIColor+RGB.m */; };
		D09719CC1EA7417C009FB8A0 /* NSString+CheakSize.m in Sources */ = {isa = PBXBuildFile; fileRef = D09719CA1EA7417C009FB8A0 /* NSString+CheakSize.m */; };
		D0B716D41EA6199F003BCCE7 /* UIView+KGViewExtend.m in Sources */ = {isa = PBXBuildFile; fileRef = D0B716D31EA6199F003BCCE7 /* UIView+KGViewExtend.m */; };
		D0C5DC001E9F7E1E0047B9A1 /* GoodsRecordModel.m in Sources */ = {isa = PBXBuildFile; fileRef = D0C5DBFF1E9F7E1E0047B9A1 /* GoodsRecordModel.m */; };
		D0E791511E9F70E900B2E6CB /* MainViewController.m in Sources */ = {isa = PBXBuildFile; fileRef = D0E791501E9F70E900B2E6CB /* MainViewController.m */; };
		D0E791591E9F727E00B2E6CB /* Model.m in Sources */ = {isa = PBXBuildFile; fileRef = D0E791581E9F727E00B2E6CB /* Model.m */; };
		D0E7915C1E9F72EF00B2E6CB /* GoodsModel.m in Sources */ = {isa = PBXBuildFile; fileRef = D0E7915B1E9F72EF00B2E6CB /* GoodsModel.m */; };
		D0E7915F1E9F771C00B2E6CB /* ChooseGoodsViewController.m in Sources */ = {isa = PBXBuildFile; fileRef = D0E7915E1E9F771C00B2E6CB /* ChooseGoodsViewController.m */; };
/* End PBXBuildFile section */

/* Begin PBXContainerItemProxy section */
		D020EF5F1E9E131C00FDE5E3 /* PBXContainerItemProxy */ = {
			isa = PBXContainerItemProxy;
			containerPortal = D020EF3D1E9E131B00FDE5E3 /* Project object */;
			proxyType = 1;
			remoteGlobalIDString = D020EF441E9E131C00FDE5E3;
			remoteInfo = DNFDemo;
		};
		D020EF6A1E9E131C00FDE5E3 /* PBXContainerItemProxy */ = {
			isa = PBXContainerItemProxy;
			containerPortal = D020EF3D1E9E131B00FDE5E3 /* Project object */;
			proxyType = 1;
			remoteGlobalIDString = D020EF441E9E131C00FDE5E3;
			remoteInfo = DNFDemo;
		};
/* End PBXContainerItemProxy section */

/* Begin PBXFileReference section */
		772A945F9263B690BFF0C947 /* Pods-DNFDemo.debug.xcconfig */ = {isa = PBXFileReference; includeInIndex = 1; lastKnownFileType = text.xcconfig; name = "Pods-DNFDemo.debug.xcconfig"; path = "Pods/Target Support Files/Pods-DNFDemo/Pods-DNFDemo.debug.xcconfig"; sourceTree = "<group>"; };
		AEBF0EEA46FD9B5E265F842A /* Pods-DNFDemo.release.xcconfig */ = {isa = PBXFileReference; includeInIndex = 1; lastKnownFileType = text.xcconfig; name = "Pods-DNFDemo.release.xcconfig"; path = "Pods/Target Support Files/Pods-DNFDemo/Pods-DNFDemo.release.xcconfig"; sourceTree = "<group>"; };
		C8E1E0293AB6F98828A59231 /* libPods-DNFDemo.a */ = {isa = PBXFileReference; explicitFileType = archive.ar; includeInIndex = 0; path = "libPods-DNFDemo.a"; sourceTree = BUILT_PRODUCTS_DIR; };
		D00273601EB0713B00A14AF2 /* DBManger+BuyAndSale.h */ = {isa = PBXFileReference; fileEncoding = 4; lastKnownFileType = sourcecode.c.h; path = "DBManger+BuyAndSale.h"; sourceTree = "<group>"; };
		D00273611EB0713B00A14AF2 /* DBManger+BuyAndSale.m */ = {isa = PBXFileReference; fileEncoding = 4; lastKnownFileType = sourcecode.c.objc; path = "DBManger+BuyAndSale.m"; sourceTree = "<group>"; };
		D00273631EB0722700A14AF2 /* SaleAndBuyModel.h */ = {isa = PBXFileReference; fileEncoding = 4; lastKnownFileType = sourcecode.c.h; path = SaleAndBuyModel.h; sourceTree = "<group>"; };
		D00273641EB0722700A14AF2 /* SaleAndBuyModel.m */ = {isa = PBXFileReference; fileEncoding = 4; lastKnownFileType = sourcecode.c.objc; path = SaleAndBuyModel.m; sourceTree = "<group>"; };
		D020EF451E9E131C00FDE5E3 /* DNFDemo.app */ = {isa = PBXFileReference; explicitFileType = wrapper.application; includeInIndex = 0; path = DNFDemo.app; sourceTree = BUILT_PRODUCTS_DIR; };
		D020EF491E9E131C00FDE5E3 /* main.m */ = {isa = PBXFileReference; lastKnownFileType = sourcecode.c.objc; path = main.m; sourceTree = "<group>"; };
		D020EF4B1E9E131C00FDE5E3 /* AppDelegate.h */ = {isa = PBXFileReference; lastKnownFileType = sourcecode.c.h; path = AppDelegate.h; sourceTree = "<group>"; };
		D020EF4C1E9E131C00FDE5E3 /* AppDelegate.m */ = {isa = PBXFileReference; lastKnownFileType = sourcecode.c.objc; path = AppDelegate.m; sourceTree = "<group>"; };
		D020EF521E9E131C00FDE5E3 /* Base */ = {isa = PBXFileReference; lastKnownFileType = file.storyboard; name = Base; path = Base.lproj/Main.storyboard; sourceTree = "<group>"; };
		D020EF541E9E131C00FDE5E3 /* Assets.xcassets */ = {isa = PBXFileReference; lastKnownFileType = folder.assetcatalog; path = Assets.xcassets; sourceTree = "<group>"; };
		D020EF571E9E131C00FDE5E3 /* Base */ = {isa = PBXFileReference; lastKnownFileType = file.storyboard; name = Base; path = Base.lproj/LaunchScreen.storyboard; sourceTree = "<group>"; };
		D020EF591E9E131C00FDE5E3 /* Info.plist */ = {isa = PBXFileReference; lastKnownFileType = text.plist.xml; path = Info.plist; sourceTree = "<group>"; };
		D020EF5E1E9E131C00FDE5E3 /* DNFDemoTests.xctest */ = {isa = PBXFileReference; explicitFileType = wrapper.cfbundle; includeInIndex = 0; path = DNFDemoTests.xctest; sourceTree = BUILT_PRODUCTS_DIR; };
		D020EF621E9E131C00FDE5E3 /* DNFDemoTests.m */ = {isa = PBXFileReference; lastKnownFileType = sourcecode.c.objc; path = DNFDemoTests.m; sourceTree = "<group>"; };
		D020EF641E9E131C00FDE5E3 /* Info.plist */ = {isa = PBXFileReference; lastKnownFileType = text.plist.xml; path = Info.plist; sourceTree = "<group>"; };
		D020EF691E9E131C00FDE5E3 /* DNFDemoUITests.xctest */ = {isa = PBXFileReference; explicitFileType = wrapper.cfbundle; includeInIndex = 0; path = DNFDemoUITests.xctest; sourceTree = BUILT_PRODUCTS_DIR; };
		D020EF6D1E9E131C00FDE5E3 /* DNFDemoUITests.m */ = {isa = PBXFileReference; lastKnownFileType = sourcecode.c.objc; path = DNFDemoUITests.m; sourceTree = "<group>"; };
		D020EF6F1E9E131C00FDE5E3 /* Info.plist */ = {isa = PBXFileReference; lastKnownFileType = text.plist.xml; path = Info.plist; sourceTree = "<group>"; };
		D020EF841E9E1B1200FDE5E3 /* AppMacro.h */ = {isa = PBXFileReference; fileEncoding = 4; lastKnownFileType = sourcecode.c.h; path = AppMacro.h; sourceTree = "<group>"; };
		D020EF851E9E1B2C00FDE5E3 /* NotificationMacro.h */ = {isa = PBXFileReference; fileEncoding = 4; lastKnownFileType = sourcecode.c.h; path = NotificationMacro.h; sourceTree = "<group>"; };
		D020EF861E9E1B3D00FDE5E3 /* VendorMacro.h */ = {isa = PBXFileReference; lastKnownFileType = sourcecode.c.h; path = VendorMacro.h; sourceTree = "<group>"; };
		D020EF871E9E1B6600FDE5E3 /* UtilsMacro.h */ = {isa = PBXFileReference; fileEncoding = 4; lastKnownFileType = sourcecode.c.h; path = UtilsMacro.h; sourceTree = "<group>"; };
		D020EF881E9E215E00FDE5E3 /* PrefixHeader.pch */ = {isa = PBXFileReference; fileEncoding = 4; lastKnownFileType = sourcecode.c.h; path = PrefixHeader.pch; sourceTree = "<group>"; };
		D020EF891E9E2EFF00FDE5E3 /* DBManger.h */ = {isa = PBXFileReference; fileEncoding = 4; lastKnownFileType = sourcecode.c.h; path = DBManger.h; sourceTree = "<group>"; };
		D020EF8A1E9E2EFF00FDE5E3 /* DBManger.m */ = {isa = PBXFileReference; fileEncoding = 4; lastKnownFileType = sourcecode.c.objc; path = DBManger.m; sourceTree = "<group>"; };
		D020EF8C1E9E2FCE00FDE5E3 /* DBManger+main.h */ = {isa = PBXFileReference; fileEncoding = 4; lastKnownFileType = sourcecode.c.h; path = "DBManger+main.h"; sourceTree = "<group>"; };
		D020EF8D1E9E2FCE00FDE5E3 /* DBManger+main.m */ = {isa = PBXFileReference; fileEncoding = 4; lastKnownFileType = sourcecode.c.objc; path = "DBManger+main.m"; sourceTree = "<group>"; };
		D093B2FE1EA4BD1B008CE3AD /* TabMainViewController.h */ = {isa = PBXFileReference; fileEncoding = 4; lastKnownFileType = sourcecode.c.h; path = TabMainViewController.h; sourceTree = "<group>"; };
		D093B2FF1EA4BD1B008CE3AD /* TabMainViewController.m */ = {isa = PBXFileReference; fileEncoding = 4; lastKnownFileType = sourcecode.c.objc; path = TabMainViewController.m; sourceTree = "<group>"; };
		D093B3031EA4BED1008CE3AD /* SalseViewController.h */ = {isa = PBXFileReference; fileEncoding = 4; lastKnownFileType = sourcecode.c.h; path = SalseViewController.h; sourceTree = "<group>"; };
		D093B3041EA4BED1008CE3AD /* SalseViewController.m */ = {isa = PBXFileReference; fileEncoding = 4; lastKnownFileType = sourcecode.c.objc; path = SalseViewController.m; sourceTree = "<group>"; };
		D093B3081EA4BFFF008CE3AD /* AnalyseViewController.h */ = {isa = PBXFileReference; fileEncoding = 4; lastKnownFileType = sourcecode.c.h; path = AnalyseViewController.h; sourceTree = "<group>"; };
		D093B3091EA4BFFF008CE3AD /* AnalyseViewController.m */ = {isa = PBXFileReference; fileEncoding = 4; lastKnownFileType = sourcecode.c.objc; path = AnalyseViewController.m; sourceTree = "<group>"; };
		D09719C71EA73F64009FB8A0 /* UIColor+RGB.h */ = {isa = PBXFileReference; fileEncoding = 4; lastKnownFileType = sourcecode.c.h; path = "UIColor+RGB.h"; sourceTree = "<group>"; };
		D09719C81EA73F64009FB8A0 /* UIColor+RGB.m */ = {isa = PBXFileReference; fileEncoding = 4; lastKnownFileType = sourcecode.c.objc; path = "UIColor+RGB.m"; sourceTree = "<group>"; };
		D09719CA1EA7417C009FB8A0 /* NSString+CheakSize.m */ = {isa = PBXFileReference; fileEncoding = 4; lastKnownFileType = sourcecode.c.objc; path = "NSString+CheakSize.m"; sourceTree = "<group>"; };
		D09719CB1EA7417C009FB8A0 /* NSString+CheakSize.h */ = {isa = PBXFileReference; fileEncoding = 4; lastKnownFileType = sourcecode.c.h; path = "NSString+CheakSize.h"; sourceTree = "<group>"; };
		D0B716D21EA6199F003BCCE7 /* UIView+KGViewExtend.h */ = {isa = PBXFileReference; fileEncoding = 4; lastKnownFileType = sourcecode.c.h; path = "UIView+KGViewExtend.h"; sourceTree = "<group>"; };
		D0B716D31EA6199F003BCCE7 /* UIView+KGViewExtend.m */ = {isa = PBXFileReference; fileEncoding = 4; lastKnownFileType = sourcecode.c.objc; path = "UIView+KGViewExtend.m"; sourceTree = "<group>"; };
		D0C5DBFE1E9F7E1E0047B9A1 /* GoodsRecordModel.h */ = {isa = PBXFileReference; fileEncoding = 4; lastKnownFileType = sourcecode.c.h; path = GoodsRecordModel.h; sourceTree = "<group>"; };
		D0C5DBFF1E9F7E1E0047B9A1 /* GoodsRecordModel.m */ = {isa = PBXFileReference; fileEncoding = 4; lastKnownFileType = sourcecode.c.objc; path = GoodsRecordModel.m; sourceTree = "<group>"; };
		D0E7914F1E9F70E900B2E6CB /* MainViewController.h */ = {isa = PBXFileReference; fileEncoding = 4; lastKnownFileType = sourcecode.c.h; path = MainViewController.h; sourceTree = "<group>"; };
		D0E791501E9F70E900B2E6CB /* MainViewController.m */ = {isa = PBXFileReference; fileEncoding = 4; lastKnownFileType = sourcecode.c.objc; path = MainViewController.m; sourceTree = "<group>"; };
		D0E791571E9F727E00B2E6CB /* Model.h */ = {isa = PBXFileReference; fileEncoding = 4; lastKnownFileType = sourcecode.c.h; path = Model.h; sourceTree = "<group>"; };
		D0E791581E9F727E00B2E6CB /* Model.m */ = {isa = PBXFileReference; fileEncoding = 4; lastKnownFileType = sourcecode.c.objc; path = Model.m; sourceTree = "<group>"; };
		D0E7915A1E9F72EF00B2E6CB /* GoodsModel.h */ = {isa = PBXFileReference; fileEncoding = 4; lastKnownFileType = sourcecode.c.h; path = GoodsModel.h; sourceTree = "<group>"; };
		D0E7915B1E9F72EF00B2E6CB /* GoodsModel.m */ = {isa = PBXFileReference; fileEncoding = 4; lastKnownFileType = sourcecode.c.objc; path = GoodsModel.m; sourceTree = "<group>"; };
		D0E7915D1E9F771C00B2E6CB /* ChooseGoodsViewController.h */ = {isa = PBXFileReference; fileEncoding = 4; lastKnownFileType = sourcecode.c.h; path = ChooseGoodsViewController.h; sourceTree = "<group>"; };
		D0E7915E1E9F771C00B2E6CB /* ChooseGoodsViewController.m */ = {isa = PBXFileReference; fileEncoding = 4; lastKnownFileType = sourcecode.c.objc; path = ChooseGoodsViewController.m; sourceTree = "<group>"; };
/* End PBXFileReference section */

/* Begin PBXFrameworksBuildPhase section */
		D020EF421E9E131C00FDE5E3 /* Frameworks */ = {
			isa = PBXFrameworksBuildPhase;
			buildActionMask = 2147483647;
			files = (
				66538B5578749531A92AD8A2 /* libPods-DNFDemo.a in Frameworks */,
			);
			runOnlyForDeploymentPostprocessing = 0;
		};
		D020EF5B1E9E131C00FDE5E3 /* Frameworks */ = {
			isa = PBXFrameworksBuildPhase;
			buildActionMask = 2147483647;
			files = (
			);
			runOnlyForDeploymentPostprocessing = 0;
		};
		D020EF661E9E131C00FDE5E3 /* Frameworks */ = {
			isa = PBXFrameworksBuildPhase;
			buildActionMask = 2147483647;
			files = (
			);
			runOnlyForDeploymentPostprocessing = 0;
		};
/* End PBXFrameworksBuildPhase section */

/* Begin PBXGroup section */
		939013B1653134FCA707A776 /* Pods */ = {
			isa = PBXGroup;
			children = (
				772A945F9263B690BFF0C947 /* Pods-DNFDemo.debug.xcconfig */,
				AEBF0EEA46FD9B5E265F842A /* Pods-DNFDemo.release.xcconfig */,
			);
			name = Pods;
			sourceTree = "<group>";
		};
		B380F7AFEE0842BB5CF9F5E9 /* Frameworks */ = {
			isa = PBXGroup;
			children = (
				C8E1E0293AB6F98828A59231 /* libPods-DNFDemo.a */,
			);
			name = Frameworks;
			sourceTree = "<group>";
		};
		D020EF3C1E9E131B00FDE5E3 = {
			isa = PBXGroup;
			children = (
				D020EF471E9E131C00FDE5E3 /* DNFDemo */,
				D020EF611E9E131C00FDE5E3 /* DNFDemoTests */,
				D020EF6C1E9E131C00FDE5E3 /* DNFDemoUITests */,
				D020EF461E9E131C00FDE5E3 /* Products */,
				939013B1653134FCA707A776 /* Pods */,
				B380F7AFEE0842BB5CF9F5E9 /* Frameworks */,
			);
			sourceTree = "<group>";
		};
		D020EF461E9E131C00FDE5E3 /* Products */ = {
			isa = PBXGroup;
			children = (
				D020EF451E9E131C00FDE5E3 /* DNFDemo.app */,
				D020EF5E1E9E131C00FDE5E3 /* DNFDemoTests.xctest */,
				D020EF691E9E131C00FDE5E3 /* DNFDemoUITests.xctest */,
			);
			name = Products;
			sourceTree = "<group>";
		};
		D020EF471E9E131C00FDE5E3 /* DNFDemo */ = {
			isa = PBXGroup;
			children = (
				D0E791561E9F726C00B2E6CB /* Common */,
				D020EF7F1E9E185000FDE5E3 /* Expand */,
				D020EF7C1E9E174E00FDE5E3 /* Resource */,
				D020EF7B1E9E174500FDE5E3 /* Class */,
				D020EF4B1E9E131C00FDE5E3 /* AppDelegate.h */,
				D020EF4C1E9E131C00FDE5E3 /* AppDelegate.m */,
				D093B2FE1EA4BD1B008CE3AD /* TabMainViewController.h */,
				D093B2FF1EA4BD1B008CE3AD /* TabMainViewController.m */,
				D020EF511E9E131C00FDE5E3 /* Main.storyboard */,
				D020EF541E9E131C00FDE5E3 /* Assets.xcassets */,
				D020EF561E9E131C00FDE5E3 /* LaunchScreen.storyboard */,
				D020EF591E9E131C00FDE5E3 /* Info.plist */,
				D020EF481E9E131C00FDE5E3 /* Supporting Files */,
			);
			path = DNFDemo;
			sourceTree = "<group>";
		};
		D020EF481E9E131C00FDE5E3 /* Supporting Files */ = {
			isa = PBXGroup;
			children = (
				D020EF491E9E131C00FDE5E3 /* main.m */,
				D020EF881E9E215E00FDE5E3 /* PrefixHeader.pch */,
			);
			name = "Supporting Files";
			sourceTree = "<group>";
		};
		D020EF611E9E131C00FDE5E3 /* DNFDemoTests */ = {
			isa = PBXGroup;
			children = (
				D020EF621E9E131C00FDE5E3 /* DNFDemoTests.m */,
				D020EF641E9E131C00FDE5E3 /* Info.plist */,
			);
			path = DNFDemoTests;
			sourceTree = "<group>";
		};
		D020EF6C1E9E131C00FDE5E3 /* DNFDemoUITests */ = {
			isa = PBXGroup;
			children = (
				D020EF6D1E9E131C00FDE5E3 /* DNFDemoUITests.m */,
				D020EF6F1E9E131C00FDE5E3 /* Info.plist */,
			);
			path = DNFDemoUITests;
			sourceTree = "<group>";
		};
		D020EF7B1E9E174500FDE5E3 /* Class */ = {
			isa = PBXGroup;
			children = (
				D093B3061EA4BFDA008CE3AD /* analyse */,
				D093B3011EA4BEAB008CE3AD /* salse */,
				D0E7914E1E9F707600B2E6CB /* main */,
				D020EF7E1E9E179900FDE5E3 /* DBManger */,
			);
			name = Class;
			path = class;
			sourceTree = "<group>";
		};
		D020EF7C1E9E174E00FDE5E3 /* Resource */ = {
			isa = PBXGroup;
			children = (
			);
			name = Resource;
			path = src;
			sourceTree = "<group>";
		};
		D020EF7E1E9E179900FDE5E3 /* DBManger */ = {
			isa = PBXGroup;
			children = (
				D020EF891E9E2EFF00FDE5E3 /* DBManger.h */,
				D020EF8A1E9E2EFF00FDE5E3 /* DBManger.m */,
				D020EF8C1E9E2FCE00FDE5E3 /* DBManger+main.h */,
				D020EF8D1E9E2FCE00FDE5E3 /* DBManger+main.m */,
				D00273601EB0713B00A14AF2 /* DBManger+BuyAndSale.h */,
				D00273611EB0713B00A14AF2 /* DBManger+BuyAndSale.m */,
			);
			path = DBManger;
			sourceTree = "<group>";
		};
		D020EF7F1E9E185000FDE5E3 /* Expand */ = {
			isa = PBXGroup;
			children = (
				D020EF831E9E19CD00FDE5E3 /* Category */,
				D020EF821E9E19AB00FDE5E3 /* Tool */,
				D020EF811E9E199A00FDE5E3 /* Const */,
				D020EF801E9E198900FDE5E3 /* Macros */,
			);
			path = Expand;
			sourceTree = "<group>";
		};
		D020EF801E9E198900FDE5E3 /* Macros */ = {
			isa = PBXGroup;
			children = (
				D020EF841E9E1B1200FDE5E3 /* AppMacro.h */,
				D020EF851E9E1B2C00FDE5E3 /* NotificationMacro.h */,
				D020EF861E9E1B3D00FDE5E3 /* VendorMacro.h */,
				D020EF871E9E1B6600FDE5E3 /* UtilsMacro.h */,
			);
			path = Macros;
			sourceTree = "<group>";
		};
		D020EF811E9E199A00FDE5E3 /* Const */ = {
			isa = PBXGroup;
			children = (
			);
			path = Const;
			sourceTree = "<group>";
		};
		D020EF821E9E19AB00FDE5E3 /* Tool */ = {
			isa = PBXGroup;
			children = (
				D09719CB1EA7417C009FB8A0 /* NSString+CheakSize.h */,
				D09719CA1EA7417C009FB8A0 /* NSString+CheakSize.m */,
				D09719C71EA73F64009FB8A0 /* UIColor+RGB.h */,
				D09719C81EA73F64009FB8A0 /* UIColor+RGB.m */,
				D0B716D21EA6199F003BCCE7 /* UIView+KGViewExtend.h */,
				D0B716D31EA6199F003BCCE7 /* UIView+KGViewExtend.m */,
			);
			path = Tool;
			sourceTree = "<group>";
		};
		D020EF831E9E19CD00FDE5E3 /* Category */ = {
			isa = PBXGroup;
			children = (
			);
			path = Category;
			sourceTree = "<group>";
		};
		D093B3011EA4BEAB008CE3AD /* salse */ = {
			isa = PBXGroup;
			children = (
				D093B3021EA4BEBB008CE3AD /* model */,
				D093B3031EA4BED1008CE3AD /* SalseViewController.h */,
				D093B3041EA4BED1008CE3AD /* SalseViewController.m */,
			);
			path = salse;
			sourceTree = "<group>";
		};
		D093B3021EA4BEBB008CE3AD /* model */ = {
			isa = PBXGroup;
			children = (
				D00273631EB0722700A14AF2 /* SaleAndBuyModel.h */,
				D00273641EB0722700A14AF2 /* SaleAndBuyModel.m */,
			);
			path = model;
			sourceTree = "<group>";
		};
		D093B3061EA4BFDA008CE3AD /* analyse */ = {
			isa = PBXGroup;
			children = (
				D093B3071EA4BFEC008CE3AD /* model */,
				D093B3081EA4BFFF008CE3AD /* AnalyseViewController.h */,
				D093B3091EA4BFFF008CE3AD /* AnalyseViewController.m */,
			);
			path = analyse;
			sourceTree = "<group>";
		};
		D093B3071EA4BFEC008CE3AD /* model */ = {
			isa = PBXGroup;
			children = (
			);
			path = model;
			sourceTree = "<group>";
		};
		D0E7914E1E9F707600B2E6CB /* main */ = {
			isa = PBXGroup;
			children = (
				D0E791521E9F70F700B2E6CB /* model */,
				D0E7914F1E9F70E900B2E6CB /* MainViewController.h */,
				D0E791501E9F70E900B2E6CB /* MainViewController.m */,
				D0E7915D1E9F771C00B2E6CB /* ChooseGoodsViewController.h */,
				D0E7915E1E9F771C00B2E6CB /* ChooseGoodsViewController.m */,
			);
			path = main;
			sourceTree = "<group>";
		};
		D0E791521E9F70F700B2E6CB /* model */ = {
			isa = PBXGroup;
			children = (
				D0E7915A1E9F72EF00B2E6CB /* GoodsModel.h */,
				D0E7915B1E9F72EF00B2E6CB /* GoodsModel.m */,
				D0C5DBFE1E9F7E1E0047B9A1 /* GoodsRecordModel.h */,
				D0C5DBFF1E9F7E1E0047B9A1 /* GoodsRecordModel.m */,
			);
			path = model;
			sourceTree = "<group>";
		};
		D0E791561E9F726C00B2E6CB /* Common */ = {
			isa = PBXGroup;
			children = (
				D0E791571E9F727E00B2E6CB /* Model.h */,
				D0E791581E9F727E00B2E6CB /* Model.m */,
			);
			path = Common;
			sourceTree = "<group>";
		};
/* End PBXGroup section */

/* Begin PBXNativeTarget section */
		D020EF441E9E131C00FDE5E3 /* DNFDemo */ = {
			isa = PBXNativeTarget;
			buildConfigurationList = D020EF721E9E131C00FDE5E3 /* Build configuration list for PBXNativeTarget "DNFDemo" */;
			buildPhases = (
				67C31803FDAD8BE92FB0EDA4 /* [CP] Check Pods Manifest.lock */,
				D020EF411E9E131C00FDE5E3 /* Sources */,
				D020EF421E9E131C00FDE5E3 /* Frameworks */,
				D020EF431E9E131C00FDE5E3 /* Resources */,
				310ADB679C44BAF64B2B25ED /* [CP] Embed Pods Frameworks */,
				30FC6DAB02A71EF8231AE92B /* [CP] Copy Pods Resources */,
			);
			buildRules = (
			);
			dependencies = (
			);
			name = DNFDemo;
			productName = DNFDemo;
			productReference = D020EF451E9E131C00FDE5E3 /* DNFDemo.app */;
			productType = "com.apple.product-type.application";
		};
		D020EF5D1E9E131C00FDE5E3 /* DNFDemoTests */ = {
			isa = PBXNativeTarget;
			buildConfigurationList = D020EF751E9E131C00FDE5E3 /* Build configuration list for PBXNativeTarget "DNFDemoTests" */;
			buildPhases = (
				D020EF5A1E9E131C00FDE5E3 /* Sources */,
				D020EF5B1E9E131C00FDE5E3 /* Frameworks */,
				D020EF5C1E9E131C00FDE5E3 /* Resources */,
			);
			buildRules = (
			);
			dependencies = (
				D020EF601E9E131C00FDE5E3 /* PBXTargetDependency */,
			);
			name = DNFDemoTests;
			productName = DNFDemoTests;
			productReference = D020EF5E1E9E131C00FDE5E3 /* DNFDemoTests.xctest */;
			productType = "com.apple.product-type.bundle.unit-test";
		};
		D020EF681E9E131C00FDE5E3 /* DNFDemoUITests */ = {
			isa = PBXNativeTarget;
			buildConfigurationList = D020EF781E9E131C00FDE5E3 /* Build configuration list for PBXNativeTarget "DNFDemoUITests" */;
			buildPhases = (
				D020EF651E9E131C00FDE5E3 /* Sources */,
				D020EF661E9E131C00FDE5E3 /* Frameworks */,
				D020EF671E9E131C00FDE5E3 /* Resources */,
			);
			buildRules = (
			);
			dependencies = (
				D020EF6B1E9E131C00FDE5E3 /* PBXTargetDependency */,
			);
			name = DNFDemoUITests;
			productName = DNFDemoUITests;
			productReference = D020EF691E9E131C00FDE5E3 /* DNFDemoUITests.xctest */;
			productType = "com.apple.product-type.bundle.ui-testing";
		};
/* End PBXNativeTarget section */

/* Begin PBXProject section */
		D020EF3D1E9E131B00FDE5E3 /* Project object */ = {
			isa = PBXProject;
			attributes = {
				LastUpgradeCheck = 0830;
				ORGANIZATIONNAME = ZhuJunyu;
				TargetAttributes = {
					D020EF441E9E131C00FDE5E3 = {
						CreatedOnToolsVersion = 8.3;
						DevelopmentTeam = LN5Z4LQL2H;
						ProvisioningStyle = Automatic;
					};
					D020EF5D1E9E131C00FDE5E3 = {
						CreatedOnToolsVersion = 8.3;
						ProvisioningStyle = Automatic;
						TestTargetID = D020EF441E9E131C00FDE5E3;
					};
					D020EF681E9E131C00FDE5E3 = {
						CreatedOnToolsVersion = 8.3;
						ProvisioningStyle = Automatic;
						TestTargetID = D020EF441E9E131C00FDE5E3;
					};
				};
			};
			buildConfigurationList = D020EF401E9E131B00FDE5E3 /* Build configuration list for PBXProject "DNFDemo" */;
			compatibilityVersion = "Xcode 3.2";
			developmentRegion = English;
			hasScannedForEncodings = 0;
			knownRegions = (
				en,
				Base,
			);
			mainGroup = D020EF3C1E9E131B00FDE5E3;
			productRefGroup = D020EF461E9E131C00FDE5E3 /* Products */;
			projectDirPath = "";
			projectRoot = "";
			targets = (
				D020EF441E9E131C00FDE5E3 /* DNFDemo */,
				D020EF5D1E9E131C00FDE5E3 /* DNFDemoTests */,
				D020EF681E9E131C00FDE5E3 /* DNFDemoUITests */,
			);
		};
/* End PBXProject section */

/* Begin PBXResourcesBuildPhase section */
		D020EF431E9E131C00FDE5E3 /* Resources */ = {
			isa = PBXResourcesBuildPhase;
			buildActionMask = 2147483647;
			files = (
				D020EF581E9E131C00FDE5E3 /* LaunchScreen.storyboard in Resources */,
				D020EF551E9E131C00FDE5E3 /* Assets.xcassets in Resources */,
				D020EF531E9E131C00FDE5E3 /* Main.storyboard in Resources */,
			);
			runOnlyForDeploymentPostprocessing = 0;
		};
		D020EF5C1E9E131C00FDE5E3 /* Resources */ = {
			isa = PBXResourcesBuildPhase;
			buildActionMask = 2147483647;
			files = (
			);
			runOnlyForDeploymentPostprocessing = 0;
		};
		D020EF671E9E131C00FDE5E3 /* Resources */ = {
			isa = PBXResourcesBuildPhase;
			buildActionMask = 2147483647;
			files = (
			);
			runOnlyForDeploymentPostprocessing = 0;
		};
/* End PBXResourcesBuildPhase section */

/* Begin PBXShellScriptBuildPhase section */
		30FC6DAB02A71EF8231AE92B /* [CP] Copy Pods Resources */ = {
			isa = PBXShellScriptBuildPhase;
			buildActionMask = 2147483647;
			files = (
			);
			inputPaths = (
			);
			name = "[CP] Copy Pods Resources";
			outputPaths = (
			);
			runOnlyForDeploymentPostprocessing = 0;
			shellPath = /bin/sh;
			shellScript = "\"${SRCROOT}/Pods/Target Support Files/Pods-DNFDemo/Pods-DNFDemo-resources.sh\"\n";
			showEnvVarsInLog = 0;
		};
		310ADB679C44BAF64B2B25ED /* [CP] Embed Pods Frameworks */ = {
			isa = PBXShellScriptBuildPhase;
			buildActionMask = 2147483647;
			files = (
			);
			inputPaths = (
			);
			name = "[CP] Embed Pods Frameworks";
			outputPaths = (
			);
			runOnlyForDeploymentPostprocessing = 0;
			shellPath = /bin/sh;
			shellScript = "\"${SRCROOT}/Pods/Target Support Files/Pods-DNFDemo/Pods-DNFDemo-frameworks.sh\"\n";
			showEnvVarsInLog = 0;
		};
		67C31803FDAD8BE92FB0EDA4 /* [CP] Check Pods Manifest.lock */ = {
			isa = PBXShellScriptBuildPhase;
			buildActionMask = 2147483647;
			files = (
			);
			inputPaths = (
			);
			name = "[CP] Check Pods Manifest.lock";
			outputPaths = (
			);
			runOnlyForDeploymentPostprocessing = 0;
			shellPath = /bin/sh;
			shellScript = "diff \"${PODS_ROOT}/../Podfile.lock\" \"${PODS_ROOT}/Manifest.lock\" > /dev/null\nif [ $? != 0 ] ; then\n    # print error to STDERR\n    echo \"error: The sandbox is not in sync with the Podfile.lock. Run 'pod install' or update your CocoaPods installation.\" >&2\n    exit 1\nfi\n";
			showEnvVarsInLog = 0;
		};
/* End PBXShellScriptBuildPhase section */

/* Begin PBXSourcesBuildPhase section */
		D020EF411E9E131C00FDE5E3 /* Sources */ = {
			isa = PBXSourcesBuildPhase;
			buildActionMask = 2147483647;
			files = (
				D020EF4D1E9E131C00FDE5E3 /* AppDelegate.m in Sources */,
				D093B3001EA4BD1B008CE3AD /* TabMainViewController.m in Sources */,
				D0C5DC001E9F7E1E0047B9A1 /* GoodsRecordModel.m in Sources */,
				D00273621EB0713B00A14AF2 /* DBManger+BuyAndSale.m in Sources */,
				D09719CC1EA7417C009FB8A0 /* NSString+CheakSize.m in Sources */,
				D09719C91EA73F64009FB8A0 /* UIColor+RGB.m in Sources */,
				D0E7915C1E9F72EF00B2E6CB /* GoodsModel.m in Sources */,
				D0E7915F1E9F771C00B2E6CB /* ChooseGoodsViewController.m in Sources */,
				D020EF8B1E9E2EFF00FDE5E3 /* DBManger.m in Sources */,
				D093B30A1EA4BFFF008CE3AD /* AnalyseViewController.m in Sources */,
				D020EF8E1E9E2FCE00FDE5E3 /* DBManger+main.m in Sources */,
				D00273651EB0722700A14AF2 /* SaleAndBuyModel.m in Sources */,
				D0E791591E9F727E00B2E6CB /* Model.m in Sources */,
				D0B716D41EA6199F003BCCE7 /* UIView+KGViewExtend.m in Sources */,
				D093B3051EA4BED1008CE3AD /* SalseViewController.m in Sources */,
				D0E791511E9F70E900B2E6CB /* MainViewController.m in Sources */,
				D020EF4A1E9E131C00FDE5E3 /* main.m in Sources */,
			);
			runOnlyForDeploymentPostprocessing = 0;
		};
		D020EF5A1E9E131C00FDE5E3 /* Sources */ = {
			isa = PBXSourcesBuildPhase;
			buildActionMask = 2147483647;
			files = (
				D020EF631E9E131C00FDE5E3 /* DNFDemoTests.m in Sources */,
			);
			runOnlyForDeploymentPostprocessing = 0;
		};
		D020EF651E9E131C00FDE5E3 /* Sources */ = {
			isa = PBXSourcesBuildPhase;
			buildActionMask = 2147483647;
			files = (
				D020EF6E1E9E131C00FDE5E3 /* DNFDemoUITests.m in Sources */,
			);
			runOnlyForDeploymentPostprocessing = 0;
		};
/* End PBXSourcesBuildPhase section */

/* Begin PBXTargetDependency section */
		D020EF601E9E131C00FDE5E3 /* PBXTargetDependency */ = {
			isa = PBXTargetDependency;
			target = D020EF441E9E131C00FDE5E3 /* DNFDemo */;
			targetProxy = D020EF5F1E9E131C00FDE5E3 /* PBXContainerItemProxy */;
		};
		D020EF6B1E9E131C00FDE5E3 /* PBXTargetDependency */ = {
			isa = PBXTargetDependency;
			target = D020EF441E9E131C00FDE5E3 /* DNFDemo */;
			targetProxy = D020EF6A1E9E131C00FDE5E3 /* PBXContainerItemProxy */;
		};
/* End PBXTargetDependency section */

/* Begin PBXVariantGroup section */
		D020EF511E9E131C00FDE5E3 /* Main.storyboard */ = {
			isa = PBXVariantGroup;
			children = (
				D020EF521E9E131C00FDE5E3 /* Base */,
			);
			name = Main.storyboard;
			sourceTree = "<group>";
		};
		D020EF561E9E131C00FDE5E3 /* LaunchScreen.storyboard */ = {
			isa = PBXVariantGroup;
			children = (
				D020EF571E9E131C00FDE5E3 /* Base */,
			);
			name = LaunchScreen.storyboard;
			sourceTree = "<group>";
		};
/* End PBXVariantGroup section */

/* Begin XCBuildConfiguration section */
		D020EF701E9E131C00FDE5E3 /* Debug */ = {
			isa = XCBuildConfiguration;
			buildSettings = {
				ALWAYS_SEARCH_USER_PATHS = NO;
				CLANG_ANALYZER_NONNULL = YES;
				CLANG_ANALYZER_NUMBER_OBJECT_CONVERSION = YES_AGGRESSIVE;
				CLANG_CXX_LANGUAGE_STANDARD = "gnu++0x";
				CLANG_CXX_LIBRARY = "libc++";
				CLANG_ENABLE_MODULES = YES;
				CLANG_ENABLE_OBJC_ARC = YES;
				CLANG_WARN_BOOL_CONVERSION = YES;
				CLANG_WARN_CONSTANT_CONVERSION = YES;
				CLANG_WARN_DIRECT_OBJC_ISA_USAGE = YES_ERROR;
				CLANG_WARN_DOCUMENTATION_COMMENTS = YES;
				CLANG_WARN_EMPTY_BODY = YES;
				CLANG_WARN_ENUM_CONVERSION = YES;
				CLANG_WARN_INFINITE_RECURSION = YES;
				CLANG_WARN_INT_CONVERSION = YES;
				CLANG_WARN_OBJC_ROOT_CLASS = YES_ERROR;
				CLANG_WARN_SUSPICIOUS_MOVE = YES;
				CLANG_WARN_UNREACHABLE_CODE = YES;
				CLANG_WARN__DUPLICATE_METHOD_MATCH = YES;
				"CODE_SIGN_IDENTITY[sdk=iphoneos*]" = "iPhone Developer";
				COPY_PHASE_STRIP = NO;
				DEBUG_INFORMATION_FORMAT = dwarf;
				ENABLE_STRICT_OBJC_MSGSEND = YES;
				ENABLE_TESTABILITY = YES;
				GCC_C_LANGUAGE_STANDARD = gnu99;
				GCC_DYNAMIC_NO_PIC = NO;
				GCC_NO_COMMON_BLOCKS = YES;
				GCC_OPTIMIZATION_LEVEL = 0;
				GCC_PREPROCESSOR_DEFINITIONS = (
					"DEBUG=1",
					"$(inherited)",
				);
				GCC_WARN_64_TO_32_BIT_CONVERSION = YES;
				GCC_WARN_ABOUT_RETURN_TYPE = YES_ERROR;
				GCC_WARN_UNDECLARED_SELECTOR = YES;
				GCC_WARN_UNINITIALIZED_AUTOS = YES_AGGRESSIVE;
				GCC_WARN_UNUSED_FUNCTION = YES;
				GCC_WARN_UNUSED_VARIABLE = YES;
				IPHONEOS_DEPLOYMENT_TARGET = 10.3;
				MTL_ENABLE_DEBUG_INFO = YES;
				ONLY_ACTIVE_ARCH = YES;
				SDKROOT = iphoneos;
				TARGETED_DEVICE_FAMILY = "1,2";
			};
			name = Debug;
		};
		D020EF711E9E131C00FDE5E3 /* Release */ = {
			isa = XCBuildConfiguration;
			buildSettings = {
				ALWAYS_SEARCH_USER_PATHS = NO;
				CLANG_ANALYZER_NONNULL = YES;
				CLANG_ANALYZER_NUMBER_OBJECT_CONVERSION = YES_AGGRESSIVE;
				CLANG_CXX_LANGUAGE_STANDARD = "gnu++0x";
				CLANG_CXX_LIBRARY = "libc++";
				CLANG_ENABLE_MODULES = YES;
				CLANG_ENABLE_OBJC_ARC = YES;
				CLANG_WARN_BOOL_CONVERSION = YES;
				CLANG_WARN_CONSTANT_CONVERSION = YES;
				CLANG_WARN_DIRECT_OBJC_ISA_USAGE = YES_ERROR;
				CLANG_WARN_DOCUMENTATION_COMMENTS = YES;
				CLANG_WARN_EMPTY_BODY = YES;
				CLANG_WARN_ENUM_CONVERSION = YES;
				CLANG_WARN_INFINITE_RECURSION = YES;
				CLANG_WARN_INT_CONVERSION = YES;
				CLANG_WARN_OBJC_ROOT_CLASS = YES_ERROR;
				CLANG_WARN_SUSPICIOUS_MOVE = YES;
				CLANG_WARN_UNREACHABLE_CODE = YES;
				CLANG_WARN__DUPLICATE_METHOD_MATCH = YES;
				"CODE_SIGN_IDENTITY[sdk=iphoneos*]" = "iPhone Developer";
				COPY_PHASE_STRIP = NO;
				DEBUG_INFORMATION_FORMAT = "dwarf-with-dsym";
				ENABLE_NS_ASSERTIONS = NO;
				ENABLE_STRICT_OBJC_MSGSEND = YES;
				GCC_C_LANGUAGE_STANDARD = gnu99;
				GCC_NO_COMMON_BLOCKS = YES;
				GCC_WARN_64_TO_32_BIT_CONVERSION = YES;
				GCC_WARN_ABOUT_RETURN_TYPE = YES_ERROR;
				GCC_WARN_UNDECLARED_SELECTOR = YES;
				GCC_WARN_UNINITIALIZED_AUTOS = YES_AGGRESSIVE;
				GCC_WARN_UNUSED_FUNCTION = YES;
				GCC_WARN_UNUSED_VARIABLE = YES;
				IPHONEOS_DEPLOYMENT_TARGET = 10.3;
				MTL_ENABLE_DEBUG_INFO = NO;
				SDKROOT = iphoneos;
				TARGETED_DEVICE_FAMILY = "1,2";
				VALIDATE_PRODUCT = YES;
			};
			name = Release;
		};
		D020EF731E9E131C00FDE5E3 /* Debug */ = {
			isa = XCBuildConfiguration;
			baseConfigurationReference = 772A945F9263B690BFF0C947 /* Pods-DNFDemo.debug.xcconfig */;
			buildSettings = {
				ASSETCATALOG_COMPILER_APPICON_NAME = AppIcon;
				DEVELOPMENT_TEAM = LN5Z4LQL2H;
				GCC_PRECOMPILE_PREFIX_HEADER = YES;
				GCC_PREFIX_HEADER = "$(SRCROOT)/DNFDemo/PrefixHeader.pch";
				INFOPLIST_FILE = DNFDemo/Info.plist;
				IPHONEOS_DEPLOYMENT_TARGET = 8.0;
				LD_RUNPATH_SEARCH_PATHS = "$(inherited) @executable_path/Frameworks";
				PRODUCT_BUNDLE_IDENTIFIER = com.zhujunyu.DNFDemo;
				PRODUCT_NAME = "$(TARGET_NAME)";
			};
			name = Debug;
		};
		D020EF741E9E131C00FDE5E3 /* Release */ = {
			isa = XCBuildConfiguration;
			baseConfigurationReference = AEBF0EEA46FD9B5E265F842A /* Pods-DNFDemo.release.xcconfig */;
			buildSettings = {
				ASSETCATALOG_COMPILER_APPICON_NAME = AppIcon;
				DEVELOPMENT_TEAM = LN5Z4LQL2H;
				GCC_PRECOMPILE_PREFIX_HEADER = YES;
				GCC_PREFIX_HEADER = "$(SRCROOT)/DNFDemo/PrefixHeader.pch";
				INFOPLIST_FILE = DNFDemo/Info.plist;
				IPHONEOS_DEPLOYMENT_TARGET = 8.0;
				LD_RUNPATH_SEARCH_PATHS = "$(inherited) @executable_path/Frameworks";
				PRODUCT_BUNDLE_IDENTIFIER = com.zhujunyu.DNFDemo;
				PRODUCT_NAME = "$(TARGET_NAME)";
			};
			name = Release;
		};
		D020EF761E9E131C00FDE5E3 /* Debug */ = {
			isa = XCBuildConfiguration;
			buildSettings = {
				BUNDLE_LOADER = "$(TEST_HOST)";
				INFOPLIST_FILE = DNFDemoTests/Info.plist;
				LD_RUNPATH_SEARCH_PATHS = "$(inherited) @executable_path/Frameworks @loader_path/Frameworks";
				PRODUCT_BUNDLE_IDENTIFIER = com.zhujunyu.DNFDemoTests;
				PRODUCT_NAME = "$(TARGET_NAME)";
				TEST_HOST = "$(BUILT_PRODUCTS_DIR)/DNFDemo.app/DNFDemo";
			};
			name = Debug;
		};
		D020EF771E9E131C00FDE5E3 /* Release */ = {
			isa = XCBuildConfiguration;
			buildSettings = {
				BUNDLE_LOADER = "$(TEST_HOST)";
				INFOPLIST_FILE = DNFDemoTests/Info.plist;
				LD_RUNPATH_SEARCH_PATHS = "$(inherited) @executable_path/Frameworks @loader_path/Frameworks";
				PRODUCT_BUNDLE_IDENTIFIER = com.zhujunyu.DNFDemoTests;
				PRODUCT_NAME = "$(TARGET_NAME)";
				TEST_HOST = "$(BUILT_PRODUCTS_DIR)/DNFDemo.app/DNFDemo";
			};
			name = Release;
		};
		D020EF791E9E131C00FDE5E3 /* Debug */ = {
			isa = XCBuildConfiguration;
			buildSettings = {
				INFOPLIST_FILE = DNFDemoUITests/Info.plist;
				LD_RUNPATH_SEARCH_PATHS = "$(inherited) @executable_path/Frameworks @loader_path/Frameworks";
				PRODUCT_BUNDLE_IDENTIFIER = com.zhujunyu.DNFDemoUITests;
				PRODUCT_NAME = "$(TARGET_NAME)";
				TEST_TARGET_NAME = DNFDemo;
			};
			name = Debug;
		};
		D020EF7A1E9E131C00FDE5E3 /* Release */ = {
			isa = XCBuildConfiguration;
			buildSettings = {
				INFOPLIST_FILE = DNFDemoUITests/Info.plist;
				LD_RUNPATH_SEARCH_PATHS = "$(inherited) @executable_path/Frameworks @loader_path/Frameworks";
				PRODUCT_BUNDLE_IDENTIFIER = com.zhujunyu.DNFDemoUITests;
				PRODUCT_NAME = "$(TARGET_NAME)";
				TEST_TARGET_NAME = DNFDemo;
			};
			name = Release;
		};
/* End XCBuildConfiguration section */

/* Begin XCConfigurationList section */
		D020EF401E9E131B00FDE5E3 /* Build configuration list for PBXProject "DNFDemo" */ = {
			isa = XCConfigurationList;
			buildConfigurations = (
				D020EF701E9E131C00FDE5E3 /* Debug */,
				D020EF711E9E131C00FDE5E3 /* Release */,
			);
			defaultConfigurationIsVisible = 0;
			defaultConfigurationName = Release;
		};
		D020EF721E9E131C00FDE5E3 /* Build configuration list for PBXNativeTarget "DNFDemo" */ = {
			isa = XCConfigurationList;
			buildConfigurations = (
				D020EF731E9E131C00FDE5E3 /* Debug */,
				D020EF741E9E131C00FDE5E3 /* Release */,
			);
			defaultConfigurationIsVisible = 0;
			defaultConfigurationName = Release;
		};
		D020EF751E9E131C00FDE5E3 /* Build configuration list for PBXNativeTarget "DNFDemoTests" */ = {
			isa = XCConfigurationList;
			buildConfigurations = (
				D020EF761E9E131C00FDE5E3 /* Debug */,
				D020EF771E9E131C00FDE5E3 /* Release */,
			);
			defaultConfigurationIsVisible = 0;
			defaultConfigurationName = Release;
		};
		D020EF781E9E131C00FDE5E3 /* Build configuration list for PBXNativeTarget "DNFDemoUITests" */ = {
			isa = XCConfigurationList;
			buildConfigurations = (
				D020EF791E9E131C00FDE5E3 /* Debug */,
				D020EF7A1E9E131C00FDE5E3 /* Release */,
			);
			defaultConfigurationIsVisible = 0;
			defaultConfigurationName = Release;
		};
/* End XCConfigurationList section */
	};
	rootObject = D020EF3D1E9E131B00FDE5E3 /* Project object */;
}
